
Microsoft Visual Studio Solution File, Format Version 12.00
# Visual Studio 15
VisualStudioVersion = 15.0.28010.2048
MinimumVisualStudioVersion = 10.0.40219.1
Project("{FAE04EC0-301F-11D3-BF4B-00C04F79EFBC}") = "Katmanli.Web.UI", "Katmanli.Web.UI\Katmanli.Web.UI.csproj", "{E0530615-AA02-4DBE-9EB2-71EA42A9CFD7}"
EndProject
Project("{FAE04EC0-301F-11D3-BF4B-00C04F79EFBC}") = "Katmanli.ENT", "Katmanli.ENT\Katmanli.ENT.csproj", "{3D4574DF-E4D2-4821-A1DA-3641BDFD96BB}"
EndProject
Project("{FAE04EC0-301F-11D3-BF4B-00C04F79EFBC}") = "Katmanli.DAL", "Katmanli.DAL\Katmanli.DAL.csproj", "{834D5979-533B-470A-9D38-81DBF2F57BB4}"
EndProject
Project("{FAE04EC0-301F-11D3-BF4B-00C04F79EFBC}") = "Katmanli.REP", "Katmanli.REP\Katmanli.REP.csproj", "{50472E74-197F-4256-9DFF-6119974CD9D2}"
EndProject
Project("{FAE04EC0-301F-11D3-BF4B-00C04F79EFBC}") = "Katmanli.DTO", "Katmanli.DTO\Katmanli.DTO.csproj", "{95D3D1C2-55EB-487E-A24A-812CA7DAD58B}"
EndProject
Project("{FAE04EC0-301F-11D3-BF4B-00C04F79EFBC}") = "Katmanli.BL", "Katmanli.BL\Katmanli.BL.csproj", "{8F81D00B-7E38-452E-9061-7B16EA87D61C}"
EndProject
Global
	GlobalSection(SolutionConfigurationPlatforms) = preSolution
		Debug|Any CPU = Debug|Any CPU
		Release|Any CPU = Release|Any CPU
	EndGlobalSection
	GlobalSection(ProjectConfigurationPlatforms) = postSolution
		{E0530615-AA02-4DBE-9EB2-71EA42A9CFD7}.Debug|Any CPU.ActiveCfg = Debug|Any CPU
		{E0530615-AA02-4DBE-9EB2-71EA42A9CFD7}.Debug|Any CPU.Build.0 = Debug|Any CPU
		{E0530615-AA02-4DBE-9EB2-71EA42A9CFD7}.Release|Any CPU.ActiveCfg = Release|Any CPU
		{E0530615-AA02-4DBE-9EB2-71EA42A9CFD7}.Release|Any CPU.Build.0 = Release|Any CPU
		{3D4574DF-E4D2-4821-A1DA-3641BDFD96BB}.Debug|Any CPU.ActiveCfg = Debug|Any CPU
		{3D4574DF-E4D2-4821-A1DA-3641BDFD96BB}.Debug|Any CPU.Build.0 = Debug|Any CPU
		{3D4574DF-E4D2-4821-A1DA-3641BDFD96BB}.Release|Any CPU.ActiveCfg = Release|Any CPU
		{3D4574DF-E4D2-4821-A1DA-3641BDFD96BB}.Release|Any CPU.Build.0 = Release|Any CPU
		{834D5979-533B-470A-9D38-81DBF2F57BB4}.Debug|Any CPU.ActiveCfg = Debug|Any CPU
		{834D5979-533B-470A-9D38-81DBF2F57BB4}.Debug|Any CPU.Build.0 = Debug|Any CPU
		{834D5979-533B-470A-9D38-81DBF2F57BB4}.Release|Any CPU.ActiveCfg = Release|Any CPU
		{834D5979-533B-470A-9D38-81DBF2F57BB4}.Release|Any CPU.Build.0 = Release|Any CPU
		{50472E74-197F-4256-9DFF-6119974CD9D2}.Debug|Any CPU.ActiveCfg = Debug|Any CPU
		{50472E74-197F-4256-9DFF-6119974CD9D2}.Debug|Any CPU.Build.0 = Debug|Any CPU
		{50472E74-197F-4256-9DFF-6119974CD9D2}.Release|Any CPU.ActiveCfg = Release|Any CPU
		{50472E74-197F-4256-9DFF-6119974CD9D2}.Release|Any CPU.Build.0 = Release|Any CPU
		{95D3D1C2-55EB-487E-A24A-812CA7DAD58B}.Debug|Any CPU.ActiveCfg = Debug|Any CPU
		{95D3D1C2-55EB-487E-A24A-812CA7DAD58B}.Debug|Any CPU.Build.0 = Debug|Any CPU
		{95D3D1C2-55EB-487E-A24A-812CA7DAD58B}.Release|Any CPU.ActiveCfg = Release|Any CPU
		{95D3D1C2-55EB-487E-A24A-812CA7DAD58B}.Release|Any CPU.Build.0 = Release|Any CPU
		{8F81D00B-7E38-452E-9061-7B16EA87D61C}.Debug|Any CPU.ActiveCfg = Debug|Any CPU
		{8F81D00B-7E38-452E-9061-7B16EA87D61C}.Debug|Any CPU.Build.0 = Debug|Any CPU
		{8F81D00B-7E38-452E-9061-7B16EA87D61C}.Release|Any CPU.ActiveCfg = Release|Any CPU
		{8F81D00B-7E38-452E-9061-7B16EA87D61C}.Release|Any CPU.Build.0 = Release|Any CPU
	EndGlobalSection
	GlobalSection(SolutionProperties) = preSolution
		HideSolutionNode = FALSE
	EndGlobalSection
	GlobalSection(ExtensibilityGlobals) = postSolution
		SolutionGuid = {74FCF634-40DD-44CA-AA77-80C1BFBF1036}
	EndGlobalSection
EndGlobal
